
Microsoft Visual Studio Solution File, Format Version 12.00
# Visual Studio 2012
Project("{FAE04EC0-301F-11D3-BF4B-00C04F79EFBC}") = "OwinDispatcher", "OwinDispatcher\OwinDispatcher.csproj", "{FEF59795-3C3A-4F08-8851-739DF91DD964}"
EndProject
Project("{FAE04EC0-301F-11D3-BF4B-00C04F79EFBC}") = "TestWebApp", "TestWebApp\TestWebApp.csproj", "{C79A6F89-0393-4098-ACCA-69860CCC7BF8}"
EndProject
Project("{2150E333-8FDC-42A3-9474-1A3956D46DE8}") = "Meta", "Meta", "{17266D19-BEA2-44A7-A5BC-7AB8213C31AC}"
	ProjectSection(SolutionItems) = preProject
		LICENSE = LICENSE
		README.md = README.md
	EndProjectSection
EndProject
Project("{2150E333-8FDC-42A3-9474-1A3956D46DE8}") = ".nuget", ".nuget", "{EBC9322E-2944-4322-93F5-17462B704AC9}"
	ProjectSection(SolutionItems) = preProject
		.nuget\NuGet.Config = .nuget\NuGet.Config
		.nuget\NuGet.targets = .nuget\NuGet.targets
	EndProjectSection
EndProject
Global
	GlobalSection(SolutionConfigurationPlatforms) = preSolution
		Debug|Any CPU = Debug|Any CPU
		Release|Any CPU = Release|Any CPU
	EndGlobalSection
	GlobalSection(ProjectConfigurationPlatforms) = postSolution
		{FEF59795-3C3A-4F08-8851-739DF91DD964}.Debug|Any CPU.ActiveCfg = Debug|Any CPU
		{FEF59795-3C3A-4F08-8851-739DF91DD964}.Debug|Any CPU.Build.0 = Debug|Any CPU
		{FEF59795-3C3A-4F08-8851-739DF91DD964}.Release|Any CPU.ActiveCfg = Release|Any CPU
		{FEF59795-3C3A-4F08-8851-739DF91DD964}.Release|Any CPU.Build.0 = Release|Any CPU
		{C79A6F89-0393-4098-ACCA-69860CCC7BF8}.Debug|Any CPU.ActiveCfg = Debug|Any CPU
		{C79A6F89-0393-4098-ACCA-69860CCC7BF8}.Debug|Any CPU.Build.0 = Debug|Any CPU
		{C79A6F89-0393-4098-ACCA-69860CCC7BF8}.Release|Any CPU.ActiveCfg = Release|Any CPU
		{C79A6F89-0393-4098-ACCA-69860CCC7BF8}.Release|Any CPU.Build.0 = Release|Any CPU
	EndGlobalSection
	GlobalSection(SolutionProperties) = preSolution
		HideSolutionNode = FALSE
	EndGlobalSection
EndGlobal
